// !$*UTF8*$!
{
	archiveVersion = 1;
	classes = {
	};
	objectVersion = 50;
	objects = {

/* Begin PBXBuildFile section */
		698D74E32694A9AC00C66C11 /* AppDelegate.swift in Sources */ = {isa = PBXBuildFile; fileRef = 698D74E22694A9AC00C66C11 /* AppDelegate.swift */; };
		698D74E52694A9AC00C66C11 /* SceneDelegate.swift in Sources */ = {isa = PBXBuildFile; fileRef = 698D74E42694A9AC00C66C11 /* SceneDelegate.swift */; };
		698D74E72694A9AC00C66C11 /* ViewController.swift in Sources */ = {isa = PBXBuildFile; fileRef = 698D74E62694A9AC00C66C11 /* ViewController.swift */; };
		698D74EA2694A9AC00C66C11 /* Main.storyboard in Resources */ = {isa = PBXBuildFile; fileRef = 698D74E82694A9AC00C66C11 /* Main.storyboard */; };
		698D74EC2694A9AC00C66C11 /* Assets.xcassets in Resources */ = {isa = PBXBuildFile; fileRef = 698D74EB2694A9AC00C66C11 /* Assets.xcassets */; };
		698D74EF2694A9AC00C66C11 /* LaunchScreen.storyboard in Resources */ = {isa = PBXBuildFile; fileRef = 698D74ED2694A9AC00C66C11 /* LaunchScreen.storyboard */; };
		698D74FA2694A9AC00C66C11 /* PureMindTests.swift in Sources */ = {isa = PBXBuildFile; fileRef = 698D74F92694A9AC00C66C11 /* PureMindTests.swift */; };
		698D75052694A9AC00C66C11 /* PureMindUITests.swift in Sources */ = {isa = PBXBuildFile; fileRef = 698D75042694A9AC00C66C11 /* PureMindUITests.swift */; };
/* End PBXBuildFile section */

/* Begin PBXContainerItemProxy section */
		698D74F62694A9AC00C66C11 /* PBXContainerItemProxy */ = {
			isa = PBXContainerItemProxy;
			containerPortal = 698D74D72694A9AC00C66C11 /* Project object */;
			proxyType = 1;
			remoteGlobalIDString = 698D74DE2694A9AC00C66C11;
			remoteInfo = PureMind;
		};
		698D75012694A9AC00C66C11 /* PBXContainerItemProxy */ = {
			isa = PBXContainerItemProxy;
			containerPortal = 698D74D72694A9AC00C66C11 /* Project object */;
			proxyType = 1;
			remoteGlobalIDString = 698D74DE2694A9AC00C66C11;
			remoteInfo = PureMind;
		};
/* End PBXContainerItemProxy section */

/* Begin PBXFileReference section */
		698D74DF2694A9AC00C66C11 /* PureMind.app */ = {isa = PBXFileReference; explicitFileType = wrapper.application; includeInIndex = 0; path = PureMind.app; sourceTree = BUILT_PRODUCTS_DIR; };
		698D74E22694A9AC00C66C11 /* AppDelegate.swift */ = {isa = PBXFileReference; lastKnownFileType = sourcecode.swift; path = AppDelegate.swift; sourceTree = "<group>"; };
		698D74E42694A9AC00C66C11 /* SceneDelegate.swift */ = {isa = PBXFileReference; lastKnownFileType = sourcecode.swift; path = SceneDelegate.swift; sourceTree = "<group>"; };
		698D74E62694A9AC00C66C11 /* ViewController.swift */ = {isa = PBXFileReference; lastKnownFileType = sourcecode.swift; path = ViewController.swift; sourceTree = "<group>"; };
		698D74E92694A9AC00C66C11 /* Base */ = {isa = PBXFileReference; lastKnownFileType = file.storyboard; name = Base; path = Base.lproj/Main.storyboard; sourceTree = "<group>"; };
		698D74EB2694A9AC00C66C11 /* Assets.xcassets */ = {isa = PBXFileReference; lastKnownFileType = folder.assetcatalog; path = Assets.xcassets; sourceTree = "<group>"; };
		698D74EE2694A9AC00C66C11 /* Base */ = {isa = PBXFileReference; lastKnownFileType = file.storyboard; name = Base; path = Base.lproj/LaunchScreen.storyboard; sourceTree = "<group>"; };
		698D74F02694A9AC00C66C11 /* Info.plist */ = {isa = PBXFileReference; lastKnownFileType = text.plist.xml; path = Info.plist; sourceTree = "<group>"; };
		698D74F52694A9AC00C66C11 /* PureMindTests.xctest */ = {isa = PBXFileReference; explicitFileType = wrapper.cfbundle; includeInIndex = 0; path = PureMindTests.xctest; sourceTree = BUILT_PRODUCTS_DIR; };
		698D74F92694A9AC00C66C11 /* PureMindTests.swift */ = {isa = PBXFileReference; lastKnownFileType = sourcecode.swift; path = PureMindTests.swift; sourceTree = "<group>"; };
		698D74FB2694A9AC00C66C11 /* Info.plist */ = {isa = PBXFileReference; lastKnownFileType = text.plist.xml; path = Info.plist; sourceTree = "<group>"; };
		698D75002694A9AC00C66C11 /* PureMindUITests.xctest */ = {isa = PBXFileReference; explicitFileType = wrapper.cfbundle; includeInIndex = 0; path = PureMindUITests.xctest; sourceTree = BUILT_PRODUCTS_DIR; };
		698D75042694A9AC00C66C11 /* PureMindUITests.swift */ = {isa = PBXFileReference; lastKnownFileType = sourcecode.swift; path = PureMindUITests.swift; sourceTree = "<group>"; };
		698D75062694A9AC00C66C11 /* Info.plist */ = {isa = PBXFileReference; lastKnownFileType = text.plist.xml; path = Info.plist; sourceTree = "<group>"; };
/* End PBXFileReference section */

/* Begin PBXFrameworksBuildPhase section */
		698D74DC2694A9AC00C66C11 /* Frameworks */ = {
			isa = PBXFrameworksBuildPhase;
			buildActionMask = 2147483647;
			files = (
			);
			runOnlyForDeploymentPostprocessing = 0;
		};
		698D74F22694A9AC00C66C11 /* Frameworks */ = {
			isa = PBXFrameworksBuildPhase;
			buildActionMask = 2147483647;
			files = (
			);
			runOnlyForDeploymentPostprocessing = 0;
		};
		698D74FD2694A9AC00C66C11 /* Frameworks */ = {
			isa = PBXFrameworksBuildPhase;
			buildActionMask = 2147483647;
			files = (
			);
			runOnlyForDeploymentPostprocessing = 0;
		};
/* End PBXFrameworksBuildPhase section */

/* Begin PBXGroup section */
		698D74D62694A9AC00C66C11 = {
			isa = PBXGroup;
			children = (
				698D74E12694A9AC00C66C11 /* PureMind */,
				698D74F82694A9AC00C66C11 /* PureMindTests */,
				698D75032694A9AC00C66C11 /* PureMindUITests */,
				698D74E02694A9AC00C66C11 /* Products */,
			);
			sourceTree = "<group>";
		};
		698D74E02694A9AC00C66C11 /* Products */ = {
			isa = PBXGroup;
			children = (
				698D74DF2694A9AC00C66C11 /* PureMind.app */,
				698D74F52694A9AC00C66C11 /* PureMindTests.xctest */,
				698D75002694A9AC00C66C11 /* PureMindUITests.xctest */,
			);
			name = Products;
			sourceTree = "<group>";
		};
		698D74E12694A9AC00C66C11 /* PureMind */ = {
			isa = PBXGroup;
			children = (
				698D74E22694A9AC00C66C11 /* AppDelegate.swift */,
				698D74E42694A9AC00C66C11 /* SceneDelegate.swift */,
				698D74E62694A9AC00C66C11 /* ViewController.swift */,
				698D74E82694A9AC00C66C11 /* Main.storyboard */,
				698D74EB2694A9AC00C66C11 /* Assets.xcassets */,
				698D74ED2694A9AC00C66C11 /* LaunchScreen.storyboard */,
				698D74F02694A9AC00C66C11 /* Info.plist */,
			);
			path = PureMind;
			sourceTree = "<group>";
		};
		698D74F82694A9AC00C66C11 /* PureMindTests */ = {
			isa = PBXGroup;
			children = (
				698D74F92694A9AC00C66C11 /* PureMindTests.swift */,
				698D74FB2694A9AC00C66C11 /* Info.plist */,
			);
			path = PureMindTests;
			sourceTree = "<group>";
		};
		698D75032694A9AC00C66C11 /* PureMindUITests */ = {
			isa = PBXGroup;
			children = (
				698D75042694A9AC00C66C11 /* PureMindUITests.swift */,
				698D75062694A9AC00C66C11 /* Info.plist */,
			);
			path = PureMindUITests;
			sourceTree = "<group>";
		};
/* End PBXGroup section */

/* Begin PBXNativeTarget section */
		698D74DE2694A9AC00C66C11 /* PureMind */ = {
			isa = PBXNativeTarget;
			buildConfigurationList = 698D75092694A9AC00C66C11 /* Build configuration list for PBXNativeTarget "PureMind" */;
			buildPhases = (
				698D74DB2694A9AC00C66C11 /* Sources */,
				698D74DC2694A9AC00C66C11 /* Frameworks */,
				698D74DD2694A9AC00C66C11 /* Resources */,
			);
			buildRules = (
			);
			dependencies = (
			);
			name = PureMind;
			productName = PureMind;
			productReference = 698D74DF2694A9AC00C66C11 /* PureMind.app */;
			productType = "com.apple.product-type.application";
		};
		698D74F42694A9AC00C66C11 /* PureMindTests */ = {
			isa = PBXNativeTarget;
			buildConfigurationList = 698D750C2694A9AC00C66C11 /* Build configuration list for PBXNativeTarget "PureMindTests" */;
			buildPhases = (
				698D74F12694A9AC00C66C11 /* Sources */,
				698D74F22694A9AC00C66C11 /* Frameworks */,
				698D74F32694A9AC00C66C11 /* Resources */,
			);
			buildRules = (
			);
			dependencies = (
				698D74F72694A9AC00C66C11 /* PBXTargetDependency */,
			);
			name = PureMindTests;
			productName = PureMindTests;
			productReference = 698D74F52694A9AC00C66C11 /* PureMindTests.xctest */;
			productType = "com.apple.product-type.bundle.unit-test";
		};
		698D74FF2694A9AC00C66C11 /* PureMindUITests */ = {
			isa = PBXNativeTarget;
			buildConfigurationList = 698D750F2694A9AC00C66C11 /* Build configuration list for PBXNativeTarget "PureMindUITests" */;
			buildPhases = (
				698D74FC2694A9AC00C66C11 /* Sources */,
				698D74FD2694A9AC00C66C11 /* Frameworks */,
				698D74FE2694A9AC00C66C11 /* Resources */,
			);
			buildRules = (
			);
			dependencies = (
				698D75022694A9AC00C66C11 /* PBXTargetDependency */,
			);
			name = PureMindUITests;
			productName = PureMindUITests;
			productReference = 698D75002694A9AC00C66C11 /* PureMindUITests.xctest */;
			productType = "com.apple.product-type.bundle.ui-testing";
		};
/* End PBXNativeTarget section */

/* Begin PBXProject section */
		698D74D72694A9AC00C66C11 /* Project object */ = {
			isa = PBXProject;
			attributes = {
				LastSwiftUpdateCheck = 1230;
				LastUpgradeCheck = 1230;
				TargetAttributes = {
					698D74DE2694A9AC00C66C11 = {
						CreatedOnToolsVersion = 12.3;
					};
					698D74F42694A9AC00C66C11 = {
						CreatedOnToolsVersion = 12.3;
						TestTargetID = 698D74DE2694A9AC00C66C11;
					};
					698D74FF2694A9AC00C66C11 = {
						CreatedOnToolsVersion = 12.3;
						TestTargetID = 698D74DE2694A9AC00C66C11;
					};
				};
			};
			buildConfigurationList = 698D74DA2694A9AC00C66C11 /* Build configuration list for PBXProject "PureMind" */;
			compatibilityVersion = "Xcode 9.3";
			developmentRegion = en;
			hasScannedForEncodings = 0;
			knownRegions = (
				en,
				Base,
			);
			mainGroup = 698D74D62694A9AC00C66C11;
			productRefGroup = 698D74E02694A9AC00C66C11 /* Products */;
			projectDirPath = "";
			projectRoot = "";
			targets = (
				698D74DE2694A9AC00C66C11 /* PureMind */,
				698D74F42694A9AC00C66C11 /* PureMindTests */,
				698D74FF2694A9AC00C66C11 /* PureMindUITests */,
			);
		};
/* End PBXProject section */

/* Begin PBXResourcesBuildPhase section */
		698D74DD2694A9AC00C66C11 /* Resources */ = {
			isa = PBXResourcesBuildPhase;
			buildActionMask = 2147483647;
			files = (
				698D74EF2694A9AC00C66C11 /* LaunchScreen.storyboard in Resources */,
				698D74EC2694A9AC00C66C11 /* Assets.xcassets in Resources */,
				698D74EA2694A9AC00C66C11 /* Main.storyboard in Resources */,
			);
			runOnlyForDeploymentPostprocessing = 0;
		};
		698D74F32694A9AC00C66C11 /* Resources */ = {
			isa = PBXResourcesBuildPhase;
			buildActionMask = 2147483647;
			files = (
			);
			runOnlyForDeploymentPostprocessing = 0;
		};
		698D74FE2694A9AC00C66C11 /* Resources */ = {
			isa = PBXResourcesBuildPhase;
			buildActionMask = 2147483647;
			files = (
			);
			runOnlyForDeploymentPostprocessing = 0;
		};
/* End PBXResourcesBuildPhase section */

/* Begin PBXSourcesBuildPhase section */
		698D74DB2694A9AC00C66C11 /* Sources */ = {
			isa = PBXSourcesBuildPhase;
			buildActionMask = 2147483647;
			files = (
				698D74E72694A9AC00C66C11 /* ViewController.swift in Sources */,
				698D74E32694A9AC00C66C11 /* AppDelegate.swift in Sources */,
				698D74E52694A9AC00C66C11 /* SceneDelegate.swift in Sources */,
			);
			runOnlyForDeploymentPostprocessing = 0;
		};
		698D74F12694A9AC00C66C11 /* Sources */ = {
			isa = PBXSourcesBuildPhase;
			buildActionMask = 2147483647;
			files = (
				698D74FA2694A9AC00C66C11 /* PureMindTests.swift in Sources */,
			);
			runOnlyForDeploymentPostprocessing = 0;
		};
		698D74FC2694A9AC00C66C11 /* Sources */ = {
			isa = PBXSourcesBuildPhase;
			buildActionMask = 2147483647;
			files = (
				698D75052694A9AC00C66C11 /* PureMindUITests.swift in Sources */,
			);
			runOnlyForDeploymentPostprocessing = 0;
		};
/* End PBXSourcesBuildPhase section */

/* Begin PBXTargetDependency section */
		698D74F72694A9AC00C66C11 /* PBXTargetDependency */ = {
			isa = PBXTargetDependency;
			target = 698D74DE2694A9AC00C66C11 /* PureMind */;
			targetProxy = 698D74F62694A9AC00C66C11 /* PBXContainerItemProxy */;
		};
		698D75022694A9AC00C66C11 /* PBXTargetDependency */ = {
			isa = PBXTargetDependency;
			target = 698D74DE2694A9AC00C66C11 /* PureMind */;
			targetProxy = 698D75012694A9AC00C66C11 /* PBXContainerItemProxy */;
		};
/* End PBXTargetDependency section */

/* Begin PBXVariantGroup section */
		698D74E82694A9AC00C66C11 /* Main.storyboard */ = {
			isa = PBXVariantGroup;
			children = (
				698D74E92694A9AC00C66C11 /* Base */,
			);
			name = Main.storyboard;
			sourceTree = "<group>";
		};
		698D74ED2694A9AC00C66C11 /* LaunchScreen.storyboard */ = {
			isa = PBXVariantGroup;
			children = (
				698D74EE2694A9AC00C66C11 /* Base */,
			);
			name = LaunchScreen.storyboard;
			sourceTree = "<group>";
		};
/* End PBXVariantGroup section */

/* Begin XCBuildConfiguration section */
		698D75072694A9AC00C66C11 /* Debug */ = {
			isa = XCBuildConfiguration;
			buildSettings = {
				ALWAYS_SEARCH_USER_PATHS = NO;
				CLANG_ANALYZER_NONNULL = YES;
				CLANG_ANALYZER_NUMBER_OBJECT_CONVERSION = YES_AGGRESSIVE;
				CLANG_CXX_LANGUAGE_STANDARD = "gnu++14";
				CLANG_CXX_LIBRARY = "libc++";
				CLANG_ENABLE_MODULES = YES;
				CLANG_ENABLE_OBJC_ARC = YES;
				CLANG_ENABLE_OBJC_WEAK = YES;
				CLANG_WARN_BLOCK_CAPTURE_AUTORELEASING = YES;
				CLANG_WARN_BOOL_CONVERSION = YES;
				CLANG_WARN_COMMA = YES;
				CLANG_WARN_CONSTANT_CONVERSION = YES;
				CLANG_WARN_DEPRECATED_OBJC_IMPLEMENTATIONS = YES;
				CLANG_WARN_DIRECT_OBJC_ISA_USAGE = YES_ERROR;
				CLANG_WARN_DOCUMENTATION_COMMENTS = YES;
				CLANG_WARN_EMPTY_BODY = YES;
				CLANG_WARN_ENUM_CONVERSION = YES;
				CLANG_WARN_INFINITE_RECURSION = YES;
				CLANG_WARN_INT_CONVERSION = YES;
				CLANG_WARN_NON_LITERAL_NULL_CONVERSION = YES;
				CLANG_WARN_OBJC_IMPLICIT_RETAIN_SELF = YES;
				CLANG_WARN_OBJC_LITERAL_CONVERSION = YES;
				CLANG_WARN_OBJC_ROOT_CLASS = YES_ERROR;
				CLANG_WARN_QUOTED_INCLUDE_IN_FRAMEWORK_HEADER = YES;
				CLANG_WARN_RANGE_LOOP_ANALYSIS = YES;
				CLANG_WARN_STRICT_PROTOTYPES = YES;
				CLANG_WARN_SUSPICIOUS_MOVE = YES;
				CLANG_WARN_UNGUARDED_AVAILABILITY = YES_AGGRESSIVE;
				CLANG_WARN_UNREACHABLE_CODE = YES;
				CLANG_WARN__DUPLICATE_METHOD_MATCH = YES;
				COPY_PHASE_STRIP = NO;
				DEBUG_INFORMATION_FORMAT = dwarf;
				ENABLE_STRICT_OBJC_MSGSEND = YES;
				ENABLE_TESTABILITY = YES;
				GCC_C_LANGUAGE_STANDARD = gnu11;
				GCC_DYNAMIC_NO_PIC = NO;
				GCC_NO_COMMON_BLOCKS = YES;
				GCC_OPTIMIZATION_LEVEL = 0;
				GCC_PREPROCESSOR_DEFINITIONS = (
					"DEBUG=1",
					"$(inherited)",
				);
				GCC_WARN_64_TO_32_BIT_CONVERSION = YES;
				GCC_WARN_ABOUT_RETURN_TYPE = YES_ERROR;
				GCC_WARN_UNDECLARED_SELECTOR = YES;
				GCC_WARN_UNINITIALIZED_AUTOS = YES_AGGRESSIVE;
				GCC_WARN_UNUSED_FUNCTION = YES;
				GCC_WARN_UNUSED_VARIABLE = YES;
				IPHONEOS_DEPLOYMENT_TARGET = 14.3;
				MTL_ENABLE_DEBUG_INFO = INCLUDE_SOURCE;
				MTL_FAST_MATH = YES;
				ONLY_ACTIVE_ARCH = YES;
				SDKROOT = iphoneos;
				SWIFT_ACTIVE_COMPILATION_CONDITIONS = DEBUG;
				SWIFT_OPTIMIZATION_LEVEL = "-Onone";
			};
			name = Debug;
		};
		698D75082694A9AC00C66C11 /* Release */ = {
			isa = XCBuildConfiguration;
			buildSettings = {
				ALWAYS_SEARCH_USER_PATHS = NO;
				CLANG_ANALYZER_NONNULL = YES;
				CLANG_ANALYZER_NUMBER_OBJECT_CONVERSION = YES_AGGRESSIVE;
				CLANG_CXX_LANGUAGE_STANDARD = "gnu++14";
				CLANG_CXX_LIBRARY = "libc++";
				CLANG_ENABLE_MODULES = YES;
				CLANG_ENABLE_OBJC_ARC = YES;
				CLANG_ENABLE_OBJC_WEAK = YES;
				CLANG_WARN_BLOCK_CAPTURE_AUTORELEASING = YES;
				CLANG_WARN_BOOL_CONVERSION = YES;
				CLANG_WARN_COMMA = YES;
				CLANG_WARN_CONSTANT_CONVERSION = YES;
				CLANG_WARN_DEPRECATED_OBJC_IMPLEMENTATIONS = YES;
				CLANG_WARN_DIRECT_OBJC_ISA_USAGE = YES_ERROR;
				CLANG_WARN_DOCUMENTATION_COMMENTS = YES;
				CLANG_WARN_EMPTY_BODY = YES;
				CLANG_WARN_ENUM_CONVERSION = YES;
				CLANG_WARN_INFINITE_RECURSION = YES;
				CLANG_WARN_INT_CONVERSION = YES;
				CLANG_WARN_NON_LITERAL_NULL_CONVERSION = YES;
				CLANG_WARN_OBJC_IMPLICIT_RETAIN_SELF = YES;
				CLANG_WARN_OBJC_LITERAL_CONVERSION = YES;
				CLANG_WARN_OBJC_ROOT_CLASS = YES_ERROR;
				CLANG_WARN_QUOTED_INCLUDE_IN_FRAMEWORK_HEADER = YES;
				CLANG_WARN_RANGE_LOOP_ANALYSIS = YES;
				CLANG_WARN_STRICT_PROTOTYPES = YES;
				CLANG_WARN_SUSPICIOUS_MOVE = YES;
				CLANG_WARN_UNGUARDED_AVAILABILITY = YES_AGGRESSIVE;
				CLANG_WARN_UNREACHABLE_CODE = YES;
				CLANG_WARN__DUPLICATE_METHOD_MATCH = YES;
				COPY_PHASE_STRIP = NO;
				DEBUG_INFORMATION_FORMAT = "dwarf-with-dsym";
				ENABLE_NS_ASSERTIONS = NO;
				ENABLE_STRICT_OBJC_MSGSEND = YES;
				GCC_C_LANGUAGE_STANDARD = gnu11;
				GCC_NO_COMMON_BLOCKS = YES;
				GCC_WARN_64_TO_32_BIT_CONVERSION = YES;
				GCC_WARN_ABOUT_RETURN_TYPE = YES_ERROR;
				GCC_WARN_UNDECLARED_SELECTOR = YES;
				GCC_WARN_UNINITIALIZED_AUTOS = YES_AGGRESSIVE;
				GCC_WARN_UNUSED_FUNCTION = YES;
				GCC_WARN_UNUSED_VARIABLE = YES;
				IPHONEOS_DEPLOYMENT_TARGET = 14.3;
				MTL_ENABLE_DEBUG_INFO = NO;
				MTL_FAST_MATH = YES;
				SDKROOT = iphoneos;
				SWIFT_COMPILATION_MODE = wholemodule;
				SWIFT_OPTIMIZATION_LEVEL = "-O";
				VALIDATE_PRODUCT = YES;
			};
			name = Release;
		};
		698D750A2694A9AC00C66C11 /* Debug */ = {
			isa = XCBuildConfiguration;
			buildSettings = {
				ASSETCATALOG_COMPILER_APPICON_NAME = AppIcon;
				ASSETCATALOG_COMPILER_GLOBAL_ACCENT_COLOR_NAME = AccentColor;
				CODE_SIGN_STYLE = Automatic;
				DEVELOPMENT_TEAM = 9U7X5634U9;
				INFOPLIST_FILE = PureMind/Info.plist;
				LD_RUNPATH_SEARCH_PATHS = (
					"$(inherited)",
					"@executable_path/Frameworks",
				);
				PRODUCT_BUNDLE_IDENTIFIER = strangeGuy.PureMind;
				PRODUCT_NAME = "$(TARGET_NAME)";
				SWIFT_VERSION = 5.0;
				TARGETED_DEVICE_FAMILY = "1,2";
			};
			name = Debug;
		};
		698D750B2694A9AC00C66C11 /* Release */ = {
			isa = XCBuildConfiguration;
			buildSettings = {
				ASSETCATALOG_COMPILER_APPICON_NAME = AppIcon;
				ASSETCATALOG_COMPILER_GLOBAL_ACCENT_COLOR_NAME = AccentColor;
				CODE_SIGN_STYLE = Automatic;
				DEVELOPMENT_TEAM = 9U7X5634U9;
				INFOPLIST_FILE = PureMind/Info.plist;
				LD_RUNPATH_SEARCH_PATHS = (
					"$(inherited)",
					"@executable_path/Frameworks",
				);
				PRODUCT_BUNDLE_IDENTIFIER = strangeGuy.PureMind;
				PRODUCT_NAME = "$(TARGET_NAME)";
				SWIFT_VERSION = 5.0;
				TARGETED_DEVICE_FAMILY = "1,2";
			};
			name = Release;
		};
		698D750D2694A9AC00C66C11 /* Debug */ = {
			isa = XCBuildConfiguration;
			buildSettings = {
				ALWAYS_EMBED_SWIFT_STANDARD_LIBRARIES = YES;
				BUNDLE_LOADER = "$(TEST_HOST)";
				CODE_SIGN_STYLE = Automatic;
				DEVELOPMENT_TEAM = 9U7X5634U9;
				INFOPLIST_FILE = PureMindTests/Info.plist;
				IPHONEOS_DEPLOYMENT_TARGET = 14.3;
				LD_RUNPATH_SEARCH_PATHS = (
					"$(inherited)",
					"@executable_path/Frameworks",
					"@loader_path/Frameworks",
				);
				PRODUCT_BUNDLE_IDENTIFIER = strangeGuy.PureMindTests;
				PRODUCT_NAME = "$(TARGET_NAME)";
				SWIFT_VERSION = 5.0;
				TARGETED_DEVICE_FAMILY = "1,2";
				TEST_HOST = "$(BUILT_PRODUCTS_DIR)/PureMind.app/PureMind";
			};
			name = Debug;
		};
		698D750E2694A9AC00C66C11 /* Release */ = {
			isa = XCBuildConfiguration;
			buildSettings = {
				ALWAYS_EMBED_SWIFT_STANDARD_LIBRARIES = YES;
				BUNDLE_LOADER = "$(TEST_HOST)";
				CODE_SIGN_STYLE = Automatic;
				DEVELOPMENT_TEAM = 9U7X5634U9;
				INFOPLIST_FILE = PureMindTests/Info.plist;
				IPHONEOS_DEPLOYMENT_TARGET = 14.3;
				LD_RUNPATH_SEARCH_PATHS = (
					"$(inherited)",
					"@executable_path/Frameworks",
					"@loader_path/Frameworks",
				);
				PRODUCT_BUNDLE_IDENTIFIER = strangeGuy.PureMindTests;
				PRODUCT_NAME = "$(TARGET_NAME)";
				SWIFT_VERSION = 5.0;
				TARGETED_DEVICE_FAMILY = "1,2";
				TEST_HOST = "$(BUILT_PRODUCTS_DIR)/PureMind.app/PureMind";
			};
			name = Release;
		};
		698D75102694A9AC00C66C11 /* Debug */ = {
			isa = XCBuildConfiguration;
			buildSettings = {
				ALWAYS_EMBED_SWIFT_STANDARD_LIBRARIES = YES;
				CODE_SIGN_STYLE = Automatic;
				DEVELOPMENT_TEAM = 9U7X5634U9;
				INFOPLIST_FILE = PureMindUITests/Info.plist;
				LD_RUNPATH_SEARCH_PATHS = (
					"$(inherited)",
					"@executable_path/Frameworks",
					"@loader_path/Frameworks",
				);
				PRODUCT_BUNDLE_IDENTIFIER = strangeGuy.PureMindUITests;
				PRODUCT_NAME = "$(TARGET_NAME)";
				SWIFT_VERSION = 5.0;
				TARGETED_DEVICE_FAMILY = "1,2";
				TEST_TARGET_NAME = PureMind;
			};
			name = Debug;
		};
		698D75112694A9AC00C66C11 /* Release */ = {
			isa = XCBuildConfiguration;
			buildSettings = {
				ALWAYS_EMBED_SWIFT_STANDARD_LIBRARIES = YES;
				CODE_SIGN_STYLE = Automatic;
				DEVELOPMENT_TEAM = 9U7X5634U9;
				INFOPLIST_FILE = PureMindUITests/Info.plist;
				LD_RUNPATH_SEARCH_PATHS = (
					"$(inherited)",
					"@executable_path/Frameworks",
					"@loader_path/Frameworks",
				);
				PRODUCT_BUNDLE_IDENTIFIER = strangeGuy.PureMindUITests;
				PRODUCT_NAME = "$(TARGET_NAME)";
				SWIFT_VERSION = 5.0;
				TARGETED_DEVICE_FAMILY = "1,2";
				TEST_TARGET_NAME = PureMind;
			};
			name = Release;
		};
/* End XCBuildConfiguration section */

/* Begin XCConfigurationList section */
		698D74DA2694A9AC00C66C11 /* Build configuration list for PBXProject "PureMind" */ = {
			isa = XCConfigurationList;
			buildConfigurations = (
				698D75072694A9AC00C66C11 /* Debug */,
				698D75082694A9AC00C66C11 /* Release */,
			);
			defaultConfigurationIsVisible = 0;
			defaultConfigurationName = Release;
		};
		698D75092694A9AC00C66C11 /* Build configuration list for PBXNativeTarget "PureMind" */ = {
			isa = XCConfigurationList;
			buildConfigurations = (
				698D750A2694A9AC00C66C11 /* Debug */,
				698D750B2694A9AC00C66C11 /* Release */,
			);
			defaultConfigurationIsVisible = 0;
			defaultConfigurationName = Release;
		};
		698D750C2694A9AC00C66C11 /* Build configuration list for PBXNativeTarget "PureMindTests" */ = {
			isa = XCConfigurationList;
			buildConfigurations = (
				698D750D2694A9AC00C66C11 /* Debug */,
				698D750E2694A9AC00C66C11 /* Release */,
			);
			defaultConfigurationIsVisible = 0;
			defaultConfigurationName = Release;
		};
		698D750F2694A9AC00C66C11 /* Build configuration list for PBXNativeTarget "PureMindUITests" */ = {
			isa = XCConfigurationList;
			buildConfigurations = (
				698D75102694A9AC00C66C11 /* Debug */,
				698D75112694A9AC00C66C11 /* Release */,
			);
			defaultConfigurationIsVisible = 0;
			defaultConfigurationName = Release;
		};
/* End XCConfigurationList section */
	};
	rootObject = 698D74D72694A9AC00C66C11 /* Project object */;
}
